// !$*UTF8*$!
{
	archiveVersion = 1;
	classes = {
	};
	objectVersion = 46;
	objects = {

/* Begin PBXBuildFile section */
		465C0D031BF9755E009C706B /* main.m in Sources */ = {isa = PBXBuildFile; fileRef = 465C0D021BF9755E009C706B /* main.m */; };
		465C0D061BF9755E009C706B /* AppDelegate.m in Sources */ = {isa = PBXBuildFile; fileRef = 465C0D051BF9755E009C706B /* AppDelegate.m */; };
		465C0D091BF9755E009C706B /* ViewController.m in Sources */ = {isa = PBXBuildFile; fileRef = 465C0D081BF9755E009C706B /* ViewController.m */; };
		465C0D0C1BF9755E009C706B /* Main.storyboard in Resources */ = {isa = PBXBuildFile; fileRef = 465C0D0A1BF9755E009C706B /* Main.storyboard */; };
		465C0D111BF9755E009C706B /* Assets.xcassets in Resources */ = {isa = PBXBuildFile; fileRef = 465C0D101BF9755E009C706B /* Assets.xcassets */; };
		465C0D1F1BF9755E009C706B /* consistenzzzTests.m in Sources */ = {isa = PBXBuildFile; fileRef = 465C0D1E1BF9755E009C706B /* consistenzzzTests.m */; };
		465C0D2A1BF9755E009C706B /* consistenzzzUITests.m in Sources */ = {isa = PBXBuildFile; fileRef = 465C0D291BF9755E009C706B /* consistenzzzUITests.m */; };
/* End PBXBuildFile section */

/* Begin PBXContainerItemProxy section */
		465C0D1B1BF9755E009C706B /* PBXContainerItemProxy */ = {
			isa = PBXContainerItemProxy;
			containerPortal = 465C0CF61BF9755E009C706B /* Project object */;
			proxyType = 1;
			remoteGlobalIDString = 465C0CFD1BF9755E009C706B;
			remoteInfo = consistenzzz;
		};
		465C0D261BF9755E009C706B /* PBXContainerItemProxy */ = {
			isa = PBXContainerItemProxy;
			containerPortal = 465C0CF61BF9755E009C706B /* Project object */;
			proxyType = 1;
			remoteGlobalIDString = 465C0CFD1BF9755E009C706B;
			remoteInfo = consistenzzz;
		};
/* End PBXContainerItemProxy section */

/* Begin PBXFileReference section */
		465C0CFE1BF9755E009C706B /* consistenzzz.app */ = {isa = PBXFileReference; explicitFileType = wrapper.application; includeInIndex = 0; path = consistenzzz.app; sourceTree = BUILT_PRODUCTS_DIR; };
		465C0D021BF9755E009C706B /* main.m */ = {isa = PBXFileReference; lastKnownFileType = sourcecode.c.objc; path = main.m; sourceTree = "<group>"; };
		465C0D041BF9755E009C706B /* AppDelegate.h */ = {isa = PBXFileReference; lastKnownFileType = sourcecode.c.h; path = AppDelegate.h; sourceTree = "<group>"; };
		465C0D051BF9755E009C706B /* AppDelegate.m */ = {isa = PBXFileReference; lastKnownFileType = sourcecode.c.objc; path = AppDelegate.m; sourceTree = "<group>"; };
		465C0D071BF9755E009C706B /* ViewController.h */ = {isa = PBXFileReference; lastKnownFileType = sourcecode.c.h; path = ViewController.h; sourceTree = "<group>"; };
		465C0D081BF9755E009C706B /* ViewController.m */ = {isa = PBXFileReference; lastKnownFileType = sourcecode.c.objc; path = ViewController.m; sourceTree = "<group>"; };
		465C0D0B1BF9755E009C706B /* Base */ = {isa = PBXFileReference; lastKnownFileType = file.storyboard; name = Base; path = Base.lproj/Main.storyboard; sourceTree = "<group>"; };
		465C0D0E1BF9755E009C706B /* consistenzzz.xcdatamodel */ = {isa = PBXFileReference; lastKnownFileType = wrapper.xcdatamodel; path = consistenzzz.xcdatamodel; sourceTree = "<group>"; };
		465C0D101BF9755E009C706B /* Assets.xcassets */ = {isa = PBXFileReference; lastKnownFileType = folder.assetcatalog; path = Assets.xcassets; sourceTree = "<group>"; };
		465C0D151BF9755E009C706B /* Info.plist */ = {isa = PBXFileReference; lastKnownFileType = text.plist.xml; path = Info.plist; sourceTree = "<group>"; };
		465C0D1A1BF9755E009C706B /* consistenzzzTests.xctest */ = {isa = PBXFileReference; explicitFileType = wrapper.cfbundle; includeInIndex = 0; path = consistenzzzTests.xctest; sourceTree = BUILT_PRODUCTS_DIR; };
		465C0D1E1BF9755E009C706B /* consistenzzzTests.m */ = {isa = PBXFileReference; lastKnownFileType = sourcecode.c.objc; path = consistenzzzTests.m; sourceTree = "<group>"; };
		465C0D201BF9755E009C706B /* Info.plist */ = {isa = PBXFileReference; lastKnownFileType = text.plist.xml; path = Info.plist; sourceTree = "<group>"; };
		465C0D251BF9755E009C706B /* consistenzzzUITests.xctest */ = {isa = PBXFileReference; explicitFileType = wrapper.cfbundle; includeInIndex = 0; path = consistenzzzUITests.xctest; sourceTree = BUILT_PRODUCTS_DIR; };
		465C0D291BF9755E009C706B /* consistenzzzUITests.m */ = {isa = PBXFileReference; lastKnownFileType = sourcecode.c.objc; path = consistenzzzUITests.m; sourceTree = "<group>"; };
		465C0D2B1BF9755E009C706B /* Info.plist */ = {isa = PBXFileReference; lastKnownFileType = text.plist.xml; path = Info.plist; sourceTree = "<group>"; };
/* End PBXFileReference section */

/* Begin PBXFrameworksBuildPhase section */
		465C0CFB1BF9755E009C706B /* Frameworks */ = {
			isa = PBXFrameworksBuildPhase;
			buildActionMask = 2147483647;
			files = (
			);
			runOnlyForDeploymentPostprocessing = 0;
		};
		465C0D171BF9755E009C706B /* Frameworks */ = {
			isa = PBXFrameworksBuildPhase;
			buildActionMask = 2147483647;
			files = (
			);
			runOnlyForDeploymentPostprocessing = 0;
		};
		465C0D221BF9755E009C706B /* Frameworks */ = {
			isa = PBXFrameworksBuildPhase;
			buildActionMask = 2147483647;
			files = (
			);
			runOnlyForDeploymentPostprocessing = 0;
		};
/* End PBXFrameworksBuildPhase section */

/* Begin PBXGroup section */
		465C0CF51BF9755E009C706B = {
			isa = PBXGroup;
			children = (
				465C0D001BF9755E009C706B /* consistenzzz */,
				465C0D1D1BF9755E009C706B /* consistenzzzTests */,
				465C0D281BF9755E009C706B /* consistenzzzUITests */,
				465C0CFF1BF9755E009C706B /* Products */,
			);
			sourceTree = "<group>";
		};
		465C0CFF1BF9755E009C706B /* Products */ = {
			isa = PBXGroup;
			children = (
				465C0CFE1BF9755E009C706B /* consistenzzz.app */,
				465C0D1A1BF9755E009C706B /* consistenzzzTests.xctest */,
				465C0D251BF9755E009C706B /* consistenzzzUITests.xctest */,
			);
			name = Products;
			sourceTree = "<group>";
		};
		465C0D001BF9755E009C706B /* consistenzzz */ = {
			isa = PBXGroup;
			children = (
				465C0D041BF9755E009C706B /* AppDelegate.h */,
				465C0D051BF9755E009C706B /* AppDelegate.m */,
				465C0D071BF9755E009C706B /* ViewController.h */,
				465C0D081BF9755E009C706B /* ViewController.m */,
				465C0D0A1BF9755E009C706B /* Main.storyboard */,
				465C0D101BF9755E009C706B /* Assets.xcassets */,
				465C0D151BF9755E009C706B /* Info.plist */,
				465C0D0D1BF9755E009C706B /* consistenzzz.xcdatamodeld */,
				465C0D011BF9755E009C706B /* Supporting Files */,
			);
			path = consistenzzz;
			sourceTree = "<group>";
		};
		465C0D011BF9755E009C706B /* Supporting Files */ = {
			isa = PBXGroup;
			children = (
				465C0D021BF9755E009C706B /* main.m */,
			);
			name = "Supporting Files";
			sourceTree = "<group>";
		};
		465C0D1D1BF9755E009C706B /* consistenzzzTests */ = {
			isa = PBXGroup;
			children = (
				465C0D1E1BF9755E009C706B /* consistenzzzTests.m */,
				465C0D201BF9755E009C706B /* Info.plist */,
			);
			path = consistenzzzTests;
			sourceTree = "<group>";
		};
		465C0D281BF9755E009C706B /* consistenzzzUITests */ = {
			isa = PBXGroup;
			children = (
				465C0D291BF9755E009C706B /* consistenzzzUITests.m */,
				465C0D2B1BF9755E009C706B /* Info.plist */,
			);
			path = consistenzzzUITests;
			sourceTree = "<group>";
		};
/* End PBXGroup section */

/* Begin PBXNativeTarget section */
		465C0CFD1BF9755E009C706B /* consistenzzz */ = {
			isa = PBXNativeTarget;
			buildConfigurationList = 465C0D2E1BF9755E009C706B /* Build configuration list for PBXNativeTarget "consistenzzz" */;
			buildPhases = (
				465C0CFA1BF9755E009C706B /* Sources */,
				465C0CFB1BF9755E009C706B /* Frameworks */,
				465C0CFC1BF9755E009C706B /* Resources */,
			);
			buildRules = (
			);
			dependencies = (
			);
			name = consistenzzz;
			productName = consistenzzz;
			productReference = 465C0CFE1BF9755E009C706B /* consistenzzz.app */;
			productType = "com.apple.product-type.application";
		};
		465C0D191BF9755E009C706B /* consistenzzzTests */ = {
			isa = PBXNativeTarget;
			buildConfigurationList = 465C0D311BF9755E009C706B /* Build configuration list for PBXNativeTarget "consistenzzzTests" */;
			buildPhases = (
				465C0D161BF9755E009C706B /* Sources */,
				465C0D171BF9755E009C706B /* Frameworks */,
				465C0D181BF9755E009C706B /* Resources */,
			);
			buildRules = (
			);
			dependencies = (
				465C0D1C1BF9755E009C706B /* PBXTargetDependency */,
			);
			name = consistenzzzTests;
			productName = consistenzzzTests;
			productReference = 465C0D1A1BF9755E009C706B /* consistenzzzTests.xctest */;
			productType = "com.apple.product-type.bundle.unit-test";
		};
		465C0D241BF9755E009C706B /* consistenzzzUITests */ = {
			isa = PBXNativeTarget;
			buildConfigurationList = 465C0D341BF9755E009C706B /* Build configuration list for PBXNativeTarget "consistenzzzUITests" */;
			buildPhases = (
				465C0D211BF9755E009C706B /* Sources */,
				465C0D221BF9755E009C706B /* Frameworks */,
				465C0D231BF9755E009C706B /* Resources */,
			);
			buildRules = (
			);
			dependencies = (
				465C0D271BF9755E009C706B /* PBXTargetDependency */,
			);
			name = consistenzzzUITests;
			productName = consistenzzzUITests;
			productReference = 465C0D251BF9755E009C706B /* consistenzzzUITests.xctest */;
			productType = "com.apple.product-type.bundle.ui-testing";
		};
/* End PBXNativeTarget section */

/* Begin PBXProject section */
		465C0CF61BF9755E009C706B /* Project object */ = {
			isa = PBXProject;
			attributes = {
				LastUpgradeCheck = 0710;
				ORGANIZATIONNAME = "Nate Lohn";
				TargetAttributes = {
					465C0CFD1BF9755E009C706B = {
						CreatedOnToolsVersion = 7.1;
					};
					465C0D191BF9755E009C706B = {
						CreatedOnToolsVersion = 7.1;
						TestTargetID = 465C0CFD1BF9755E009C706B;
					};
					465C0D241BF9755E009C706B = {
						CreatedOnToolsVersion = 7.1;
						TestTargetID = 465C0CFD1BF9755E009C706B;
					};
				};
			};
			buildConfigurationList = 465C0CF91BF9755E009C706B /* Build configuration list for PBXProject "consistenzzz" */;
			compatibilityVersion = "Xcode 3.2";
			developmentRegion = English;
			hasScannedForEncodings = 0;
			knownRegions = (
				en,
				Base,
			);
			mainGroup = 465C0CF51BF9755E009C706B;
			productRefGroup = 465C0CFF1BF9755E009C706B /* Products */;
			projectDirPath = "";
			projectRoot = "";
			targets = (
				465C0CFD1BF9755E009C706B /* consistenzzz */,
				465C0D191BF9755E009C706B /* consistenzzzTests */,
				465C0D241BF9755E009C706B /* consistenzzzUITests */,
			);
		};
/* End PBXProject section */

/* Begin PBXResourcesBuildPhase section */
		465C0CFC1BF9755E009C706B /* Resources */ = {
			isa = PBXResourcesBuildPhase;
			buildActionMask = 2147483647;
			files = (
				465C0D111BF9755E009C706B /* Assets.xcassets in Resources */,
				465C0D0C1BF9755E009C706B /* Main.storyboard in Resources */,
			);
			runOnlyForDeploymentPostprocessing = 0;
		};
		465C0D181BF9755E009C706B /* Resources */ = {
			isa = PBXResourcesBuildPhase;
			buildActionMask = 2147483647;
			files = (
			);
			runOnlyForDeploymentPostprocessing = 0;
		};
		465C0D231BF9755E009C706B /* Resources */ = {
			isa = PBXResourcesBuildPhase;
			buildActionMask = 2147483647;
			files = (
			);
			runOnlyForDeploymentPostprocessing = 0;
		};
/* End PBXResourcesBuildPhase section */

/* Begin PBXSourcesBuildPhase section */
		465C0CFA1BF9755E009C706B /* Sources */ = {
			isa = PBXSourcesBuildPhase;
			buildActionMask = 2147483647;
			files = (
				465C0D091BF9755E009C706B /* ViewController.m in Sources */,
				465C0D061BF9755E009C706B /* AppDelegate.m in Sources */,
				465C0D031BF9755E009C706B /* main.m in Sources */,
			);
			runOnlyForDeploymentPostprocessing = 0;
		};
		465C0D161BF9755E009C706B /* Sources */ = {
			isa = PBXSourcesBuildPhase;
			buildActionMask = 2147483647;
			files = (
				465C0D1F1BF9755E009C706B /* consistenzzzTests.m in Sources */,
			);
			runOnlyForDeploymentPostprocessing = 0;
		};
		465C0D211BF9755E009C706B /* Sources */ = {
			isa = PBXSourcesBuildPhase;
			buildActionMask = 2147483647;
			files = (
				465C0D2A1BF9755E009C706B /* consistenzzzUITests.m in Sources */,
			);
			runOnlyForDeploymentPostprocessing = 0;
		};
/* End PBXSourcesBuildPhase section */

/* Begin PBXTargetDependency section */
		465C0D1C1BF9755E009C706B /* PBXTargetDependency */ = {
			isa = PBXTargetDependency;
			target = 465C0CFD1BF9755E009C706B /* consistenzzz */;
			targetProxy = 465C0D1B1BF9755E009C706B /* PBXContainerItemProxy */;
		};
		465C0D271BF9755E009C706B /* PBXTargetDependency */ = {
			isa = PBXTargetDependency;
			target = 465C0CFD1BF9755E009C706B /* consistenzzz */;
			targetProxy = 465C0D261BF9755E009C706B /* PBXContainerItemProxy */;
		};
/* End PBXTargetDependency section */

/* Begin PBXVariantGroup section */
		465C0D0A1BF9755E009C706B /* Main.storyboard */ = {
			isa = PBXVariantGroup;
			children = (
				465C0D0B1BF9755E009C706B /* Base */,
			);
			name = Main.storyboard;
			sourceTree = "<group>";
		};
/* End PBXVariantGroup section */

/* Begin XCBuildConfiguration section */
		465C0D2C1BF9755E009C706B /* Debug */ = {
			isa = XCBuildConfiguration;
			buildSettings = {
				ALWAYS_SEARCH_USER_PATHS = NO;
				CLANG_CXX_LANGUAGE_STANDARD = "gnu++0x";
				CLANG_CXX_LIBRARY = "libc++";
				CLANG_ENABLE_MODULES = YES;
				CLANG_ENABLE_OBJC_ARC = YES;
				CLANG_WARN_BOOL_CONVERSION = YES;
				CLANG_WARN_CONSTANT_CONVERSION = YES;
				CLANG_WARN_DIRECT_OBJC_ISA_USAGE = YES_ERROR;
				CLANG_WARN_EMPTY_BODY = YES;
				CLANG_WARN_ENUM_CONVERSION = YES;
				CLANG_WARN_INT_CONVERSION = YES;
				CLANG_WARN_OBJC_ROOT_CLASS = YES_ERROR;
				CLANG_WARN_UNREACHABLE_CODE = YES;
				CLANG_WARN__DUPLICATE_METHOD_MATCH = YES;
				"CODE_SIGN_IDENTITY[sdk=iphoneos*]" = "iPhone Developer";
				COPY_PHASE_STRIP = NO;
				DEBUG_INFORMATION_FORMAT = dwarf;
				ENABLE_STRICT_OBJC_MSGSEND = YES;
				ENABLE_TESTABILITY = YES;
				GCC_C_LANGUAGE_STANDARD = gnu99;
				GCC_DYNAMIC_NO_PIC = NO;
				GCC_NO_COMMON_BLOCKS = YES;
				GCC_OPTIMIZATION_LEVEL = 0;
				GCC_PREPROCESSOR_DEFINITIONS = (
					"DEBUG=1",
					"$(inherited)",
				);
				GCC_WARN_64_TO_32_BIT_CONVERSION = YES;
				GCC_WARN_ABOUT_RETURN_TYPE = YES_ERROR;
				GCC_WARN_UNDECLARED_SELECTOR = YES;
				GCC_WARN_UNINITIALIZED_AUTOS = YES_AGGRESSIVE;
				GCC_WARN_UNUSED_FUNCTION = YES;
				GCC_WARN_UNUSED_VARIABLE = YES;
				IPHONEOS_DEPLOYMENT_TARGET = 9.1;
				MTL_ENABLE_DEBUG_INFO = YES;
				ONLY_ACTIVE_ARCH = YES;
				SDKROOT = iphoneos;
				TARGETED_DEVICE_FAMILY = "1,2";
			};
			name = Debug;
		};
		465C0D2D1BF9755E009C706B /* Release */ = {
			isa = XCBuildConfiguration;
			buildSettings = {
				ALWAYS_SEARCH_USER_PATHS = NO;
				CLANG_CXX_LANGUAGE_STANDARD = "gnu++0x";
				CLANG_CXX_LIBRARY = "libc++";
				CLANG_ENABLE_MODULES = YES;
				CLANG_ENABLE_OBJC_ARC = YES;
				CLANG_WARN_BOOL_CONVERSION = YES;
				CLANG_WARN_CONSTANT_CONVERSION = YES;
				CLANG_WARN_DIRECT_OBJC_ISA_USAGE = YES_ERROR;
				CLANG_WARN_EMPTY_BODY = YES;
				CLANG_WARN_ENUM_CONVERSION = YES;
				CLANG_WARN_INT_CONVERSION = YES;
				CLANG_WARN_OBJC_ROOT_CLASS = YES_ERROR;
				CLANG_WARN_UNREACHABLE_CODE = YES;
				CLANG_WARN__DUPLICATE_METHOD_MATCH = YES;
				"CODE_SIGN_IDENTITY[sdk=iphoneos*]" = "iPhone Developer";
				COPY_PHASE_STRIP = NO;
				DEBUG_INFORMATION_FORMAT = "dwarf-with-dsym";
				ENABLE_NS_ASSERTIONS = NO;
				ENABLE_STRICT_OBJC_MSGSEND = YES;
				GCC_C_LANGUAGE_STANDARD = gnu99;
				GCC_NO_COMMON_BLOCKS = YES;
				GCC_WARN_64_TO_32_BIT_CONVERSION = YES;
				GCC_WARN_ABOUT_RETURN_TYPE = YES_ERROR;
				GCC_WARN_UNDECLARED_SELECTOR = YES;
				GCC_WARN_UNINITIALIZED_AUTOS = YES_AGGRESSIVE;
				GCC_WARN_UNUSED_FUNCTION = YES;
				GCC_WARN_UNUSED_VARIABLE = YES;
				IPHONEOS_DEPLOYMENT_TARGET = 9.1;
				MTL_ENABLE_DEBUG_INFO = NO;
				SDKROOT = iphoneos;
				TARGETED_DEVICE_FAMILY = "1,2";
				VALIDATE_PRODUCT = YES;
			};
			name = Release;
		};
		465C0D2F1BF9755E009C706B /* Debug */ = {
			isa = XCBuildConfiguration;
			buildSettings = {
				ASSETCATALOG_COMPILER_APPICON_NAME = AppIcon;
				INFOPLIST_FILE = consistenzzz/Info.plist;
				IPHONEOS_DEPLOYMENT_TARGET = 8.4;
				LD_RUNPATH_SEARCH_PATHS = "$(inherited) @executable_path/Frameworks";
				PRODUCT_BUNDLE_IDENTIFIER = com.lateNohn.consistenzzz;
				PRODUCT_NAME = "$(TARGET_NAME)";
			};
			name = Debug;
		};
		465C0D301BF9755E009C706B /* Release */ = {
			isa = XCBuildConfiguration;
			buildSettings = {
				ASSETCATALOG_COMPILER_APPICON_NAME = AppIcon;
				INFOPLIST_FILE = consistenzzz/Info.plist;
				IPHONEOS_DEPLOYMENT_TARGET = 8.4;
				LD_RUNPATH_SEARCH_PATHS = "$(inherited) @executable_path/Frameworks";
				PRODUCT_BUNDLE_IDENTIFIER = com.lateNohn.consistenzzz;
				PRODUCT_NAME = "$(TARGET_NAME)";
			};
			name = Release;
		};
		465C0D321BF9755E009C706B /* Debug */ = {
			isa = XCBuildConfiguration;
			buildSettings = {
				BUNDLE_LOADER = "$(TEST_HOST)";
				INFOPLIST_FILE = consistenzzzTests/Info.plist;
				IPHONEOS_DEPLOYMENT_TARGET = 8.4;
				LD_RUNPATH_SEARCH_PATHS = "$(inherited) @executable_path/Frameworks @loader_path/Frameworks";
				PRODUCT_BUNDLE_IDENTIFIER = com.lateNohn.consistenzzzTests;
				PRODUCT_NAME = "$(TARGET_NAME)";
				TEST_HOST = "$(BUILT_PRODUCTS_DIR)/consistenzzz.app/consistenzzz";
			};
			name = Debug;
		};
		465C0D331BF9755E009C706B /* Release */ = {
			isa = XCBuildConfiguration;
			buildSettings = {
				BUNDLE_LOADER = "$(TEST_HOST)";
				INFOPLIST_FILE = consistenzzzTests/Info.plist;
				IPHONEOS_DEPLOYMENT_TARGET = 8.4;
				LD_RUNPATH_SEARCH_PATHS = "$(inherited) @executable_path/Frameworks @loader_path/Frameworks";
				PRODUCT_BUNDLE_IDENTIFIER = com.lateNohn.consistenzzzTests;
				PRODUCT_NAME = "$(TARGET_NAME)";
				TEST_HOST = "$(BUILT_PRODUCTS_DIR)/consistenzzz.app/consistenzzz";
			};
			name = Release;
		};
		465C0D351BF9755E009C706B /* Debug */ = {
			isa = XCBuildConfiguration;
			buildSettings = {
				INFOPLIST_FILE = consistenzzzUITests/Info.plist;
				IPHONEOS_DEPLOYMENT_TARGET = 8.4;
				LD_RUNPATH_SEARCH_PATHS = "$(inherited) @executable_path/Frameworks @loader_path/Frameworks";
				PRODUCT_BUNDLE_IDENTIFIER = com.lateNohn.consistenzzzUITests;
				PRODUCT_NAME = "$(TARGET_NAME)";
				TEST_TARGET_NAME = consistenzzz;
				USES_XCTRUNNER = YES;
			};
			name = Debug;
		};
		465C0D361BF9755E009C706B /* Release */ = {
			isa = XCBuildConfiguration;
			buildSettings = {
				INFOPLIST_FILE = consistenzzzUITests/Info.plist;
				IPHONEOS_DEPLOYMENT_TARGET = 8.4;
				LD_RUNPATH_SEARCH_PATHS = "$(inherited) @executable_path/Frameworks @loader_path/Frameworks";
				PRODUCT_BUNDLE_IDENTIFIER = com.lateNohn.consistenzzzUITests;
				PRODUCT_NAME = "$(TARGET_NAME)";
				TEST_TARGET_NAME = consistenzzz;
				USES_XCTRUNNER = YES;
			};
			name = Release;
		};
/* End XCBuildConfiguration section */

/* Begin XCConfigurationList section */
		465C0CF91BF9755E009C706B /* Build configuration list for PBXProject "consistenzzz" */ = {
			isa = XCConfigurationList;
			buildConfigurations = (
				465C0D2C1BF9755E009C706B /* Debug */,
				465C0D2D1BF9755E009C706B /* Release */,
			);
			defaultConfigurationIsVisible = 0;
			defaultConfigurationName = Release;
		};
		465C0D2E1BF9755E009C706B /* Build configuration list for PBXNativeTarget "consistenzzz" */ = {
			isa = XCConfigurationList;
			buildConfigurations = (
				465C0D2F1BF9755E009C706B /* Debug */,
				465C0D301BF9755E009C706B /* Release */,
			);
			defaultConfigurationIsVisible = 0;
			defaultConfigurationName = Release;
		};
		465C0D311BF9755E009C706B /* Build configuration list for PBXNativeTarget "consistenzzzTests" */ = {
			isa = XCConfigurationList;
			buildConfigurations = (
				465C0D321BF9755E009C706B /* Debug */,
				465C0D331BF9755E009C706B /* Release */,
			);
			defaultConfigurationIsVisible = 0;
			defaultConfigurationName = Release;
		};
		465C0D341BF9755E009C706B /* Build configuration list for PBXNativeTarget "consistenzzzUITests" */ = {
			isa = XCConfigurationList;
			buildConfigurations = (
				465C0D351BF9755E009C706B /* Debug */,
				465C0D361BF9755E009C706B /* Release */,
			);
			defaultConfigurationIsVisible = 0;
			defaultConfigurationName = Release;
		};
/* End XCConfigurationList section */

/* Begin XCVersionGroup section */
		465C0D0D1BF9755E009C706B /* consistenzzz.xcdatamodeld */ = {
			isa = XCVersionGroup;
			children = (
				465C0D0E1BF9755E009C706B /* consistenzzz.xcdatamodel */,
			);
			currentVersion = 465C0D0E1BF9755E009C706B /* consistenzzz.xcdatamodel */;
			path = consistenzzz.xcdatamodeld;
			sourceTree = "<group>";
			versionGroupType = wrapper.xcdatamodel;
		};
/* End XCVersionGroup section */
	};
	rootObject = 465C0CF61BF9755E009C706B /* Project object */;
}
